
Microsoft Visual Studio Solution File, Format Version 12.00
# Visual Studio Version 16
VisualStudioVersion = 16.0.30204.135
MinimumVisualStudioVersion = 10.0.40219.1
Project("{FAE04EC0-301F-11D3-BF4B-00C04F79EFBC}") = "AdventureWorks.Api", "AdventureWorks.Api\AdventureWorks.Api.csproj", "{A4243C5C-428D-4587-84BF-8E98E80833ED}"
EndProject
Global
	GlobalSection(SolutionConfigurationPlatforms) = preSolution
		Debug|Any CPU = Debug|Any CPU
		Release|Any CPU = Release|Any CPU
	EndGlobalSection
	GlobalSection(ProjectConfigurationPlatforms) = postSolution
		{A4243C5C-428D-4587-84BF-8E98E80833ED}.Debug|Any CPU.ActiveCfg = Debug|Any CPU
		{A4243C5C-428D-4587-84BF-8E98E80833ED}.Debug|Any CPU.Build.0 = Debug|Any CPU
		{A4243C5C-428D-4587-84BF-8E98E80833ED}.Release|Any CPU.ActiveCfg = Release|Any CPU
		{A4243C5C-428D-4587-84BF-8E98E80833ED}.Release|Any CPU.Build.0 = Release|Any CPU
	EndGlobalSection
	GlobalSection(SolutionProperties) = preSolution
		HideSolutionNode = FALSE
	EndGlobalSection
	GlobalSection(ExtensibilityGlobals) = postSolution
		SolutionGuid = {F0A982D2-F2EB-45CD-99A4-794A7FCB5CDE}
	EndGlobalSection
EndGlobal
