
Microsoft Visual Studio Solution File, Format Version 12.00
# Visual Studio Version 17
VisualStudioVersion = 17.2.32516.85
MinimumVisualStudioVersion = 10.0.40219.1
Project("{9A19103F-16F7-4668-BE54-9A1E7A4F7556}") = "AdventureWorks.Api", "src\AdventureWorks.Api\AdventureWorks.Api.csproj", "{B1F48FB0-1848-4D91-8B75-E7676CA7730D}"
EndProject
Project("{9A19103F-16F7-4668-BE54-9A1E7A4F7556}") = "AdventureWorks.Api.Commands.Tests", "tests\AdventureWorks.Commands.Tests\AdventureWorks.Api.Commands.Tests.csproj", "{378AB978-2E0C-4E8B-831B-EEFCA589781A}"
EndProject
Global
	GlobalSection(SolutionConfigurationPlatforms) = preSolution
		Debug|Any CPU = Debug|Any CPU
		Release|Any CPU = Release|Any CPU
	EndGlobalSection
	GlobalSection(ProjectConfigurationPlatforms) = postSolution
		{B1F48FB0-1848-4D91-8B75-E7676CA7730D}.Debug|Any CPU.ActiveCfg = Debug|Any CPU
		{B1F48FB0-1848-4D91-8B75-E7676CA7730D}.Debug|Any CPU.Build.0 = Debug|Any CPU
		{B1F48FB0-1848-4D91-8B75-E7676CA7730D}.Release|Any CPU.ActiveCfg = Release|Any CPU
		{B1F48FB0-1848-4D91-8B75-E7676CA7730D}.Release|Any CPU.Build.0 = Release|Any CPU
		{378AB978-2E0C-4E8B-831B-EEFCA589781A}.Debug|Any CPU.ActiveCfg = Debug|Any CPU
		{378AB978-2E0C-4E8B-831B-EEFCA589781A}.Debug|Any CPU.Build.0 = Debug|Any CPU
		{378AB978-2E0C-4E8B-831B-EEFCA589781A}.Release|Any CPU.ActiveCfg = Release|Any CPU
		{378AB978-2E0C-4E8B-831B-EEFCA589781A}.Release|Any CPU.Build.0 = Release|Any CPU
	EndGlobalSection
	GlobalSection(SolutionProperties) = preSolution
		HideSolutionNode = FALSE
	EndGlobalSection
	GlobalSection(ExtensibilityGlobals) = postSolution
		SolutionGuid = {F0A982D2-F2EB-45CD-99A4-794A7FCB5CDE}
	EndGlobalSection
EndGlobal
