
Microsoft Visual Studio Solution File, Format Version 12.00
# Visual Studio Version 17
VisualStudioVersion = 17.2.32516.85
MinimumVisualStudioVersion = 10.0.40219.1
Project("{9A19103F-16F7-4668-BE54-9A1E7A4F7556}") = "AdventureWorks.Api.Service", "AdventureWorks.Api\AdventureWorks.Api.Service.csproj", "{A4243C5C-428D-4587-84BF-8E98E80833ED}"
EndProject
Project("{9A19103F-16F7-4668-BE54-9A1E7A4F7556}") = "AdventureWorks.Api", "AdventureWorks\AdventureWorks.Api.csproj", "{3202A9B0-50A2-48A7-9AD5-C927ACE4CC33}"
EndProject
Project("{9A19103F-16F7-4668-BE54-9A1E7A4F7556}") = "AdventureWorks.Api.Commands.Tests", "AdventureWorks.Commands.Tests\AdventureWorks.Api.Commands.Tests.csproj", "{900EECB0-D1F8-49C8-9370-B58E890117F1}"
EndProject
Global
	GlobalSection(SolutionConfigurationPlatforms) = preSolution
		Debug|Any CPU = Debug|Any CPU
		Release|Any CPU = Release|Any CPU
	EndGlobalSection
	GlobalSection(ProjectConfigurationPlatforms) = postSolution
		{A4243C5C-428D-4587-84BF-8E98E80833ED}.Debug|Any CPU.ActiveCfg = Debug|Any CPU
		{A4243C5C-428D-4587-84BF-8E98E80833ED}.Debug|Any CPU.Build.0 = Debug|Any CPU
		{A4243C5C-428D-4587-84BF-8E98E80833ED}.Release|Any CPU.ActiveCfg = Release|Any CPU
		{A4243C5C-428D-4587-84BF-8E98E80833ED}.Release|Any CPU.Build.0 = Release|Any CPU
		{3202A9B0-50A2-48A7-9AD5-C927ACE4CC33}.Debug|Any CPU.ActiveCfg = Debug|Any CPU
		{3202A9B0-50A2-48A7-9AD5-C927ACE4CC33}.Debug|Any CPU.Build.0 = Debug|Any CPU
		{3202A9B0-50A2-48A7-9AD5-C927ACE4CC33}.Release|Any CPU.ActiveCfg = Release|Any CPU
		{3202A9B0-50A2-48A7-9AD5-C927ACE4CC33}.Release|Any CPU.Build.0 = Release|Any CPU
		{900EECB0-D1F8-49C8-9370-B58E890117F1}.Debug|Any CPU.ActiveCfg = Debug|Any CPU
		{900EECB0-D1F8-49C8-9370-B58E890117F1}.Debug|Any CPU.Build.0 = Debug|Any CPU
		{900EECB0-D1F8-49C8-9370-B58E890117F1}.Release|Any CPU.ActiveCfg = Release|Any CPU
		{900EECB0-D1F8-49C8-9370-B58E890117F1}.Release|Any CPU.Build.0 = Release|Any CPU
	EndGlobalSection
	GlobalSection(SolutionProperties) = preSolution
		HideSolutionNode = FALSE
	EndGlobalSection
	GlobalSection(ExtensibilityGlobals) = postSolution
		SolutionGuid = {F0A982D2-F2EB-45CD-99A4-794A7FCB5CDE}
	EndGlobalSection
EndGlobal
